// !$*UTF8*$!
{
	archiveVersion = 1;
	classes = {
	};
	objectVersion = 50;
	objects = {

/* Begin PBXBuildFile section */
		3119CA2923D916C100DADF0C /* Calculator.swift in Sources */ = {isa = PBXBuildFile; fileRef = 3119CA2823D916C100DADF0C /* Calculator.swift */; };
		3119CA2B23D91C7100DADF0C /* NavigationController.swift in Sources */ = {isa = PBXBuildFile; fileRef = 3119CA2A23D91C7100DADF0C /* NavigationController.swift */; };
		313E464723D9EF0500B7880C /* Constants.swift in Sources */ = {isa = PBXBuildFile; fileRef = 313E464623D9EF0500B7880C /* Constants.swift */; };
		313E464923D9FC8500B7880C /* MyProductsVC.swift in Sources */ = {isa = PBXBuildFile; fileRef = 313E464823D9FC8500B7880C /* MyProductsVC.swift */; };
		317D3D1323D8D4E000B15A11 /* AppDelegate.swift in Sources */ = {isa = PBXBuildFile; fileRef = 317D3D1223D8D4E000B15A11 /* AppDelegate.swift */; };
		317D3D1523D8D4E000B15A11 /* SceneDelegate.swift in Sources */ = {isa = PBXBuildFile; fileRef = 317D3D1423D8D4E000B15A11 /* SceneDelegate.swift */; };
		317D3D1723D8D4E000B15A11 /* HomeVC.swift in Sources */ = {isa = PBXBuildFile; fileRef = 317D3D1623D8D4E000B15A11 /* HomeVC.swift */; };
		317D3D1A23D8D4E000B15A11 /* Main.storyboard in Resources */ = {isa = PBXBuildFile; fileRef = 317D3D1823D8D4E000B15A11 /* Main.storyboard */; };
		317D3D1D23D8D4E000B15A11 /* wishlist.xcdatamodeld in Sources */ = {isa = PBXBuildFile; fileRef = 317D3D1B23D8D4E000B15A11 /* wishlist.xcdatamodeld */; };
		317D3D1F23D8D4E400B15A11 /* Assets.xcassets in Resources */ = {isa = PBXBuildFile; fileRef = 317D3D1E23D8D4E400B15A11 /* Assets.xcassets */; };
		317D3D2223D8D4E400B15A11 /* LaunchScreen.storyboard in Resources */ = {isa = PBXBuildFile; fileRef = 317D3D2023D8D4E400B15A11 /* LaunchScreen.storyboard */; };
		3199300123D8EB9B008738DD /* RoundCornerView.swift in Sources */ = {isa = PBXBuildFile; fileRef = 3199300023D8EB9B008738DD /* RoundCornerView.swift */; };
		3199300323D8EC82008738DD /* RoundedButton.swift in Sources */ = {isa = PBXBuildFile; fileRef = 3199300223D8EC82008738DD /* RoundedButton.swift */; };
/* End PBXBuildFile section */

/* Begin PBXFileReference section */
		3119CA2823D916C100DADF0C /* Calculator.swift */ = {isa = PBXFileReference; lastKnownFileType = sourcecode.swift; path = Calculator.swift; sourceTree = "<group>"; };
		3119CA2A23D91C7100DADF0C /* NavigationController.swift */ = {isa = PBXFileReference; lastKnownFileType = sourcecode.swift; path = NavigationController.swift; sourceTree = "<group>"; };
		313E464623D9EF0500B7880C /* Constants.swift */ = {isa = PBXFileReference; lastKnownFileType = sourcecode.swift; path = Constants.swift; sourceTree = "<group>"; };
		313E464823D9FC8500B7880C /* MyProductsVC.swift */ = {isa = PBXFileReference; lastKnownFileType = sourcecode.swift; path = MyProductsVC.swift; sourceTree = "<group>"; };
		317D3D0F23D8D4E000B15A11 /* wishlist.app */ = {isa = PBXFileReference; explicitFileType = wrapper.application; includeInIndex = 0; path = wishlist.app; sourceTree = BUILT_PRODUCTS_DIR; };
		317D3D1223D8D4E000B15A11 /* AppDelegate.swift */ = {isa = PBXFileReference; lastKnownFileType = sourcecode.swift; path = AppDelegate.swift; sourceTree = "<group>"; };
		317D3D1423D8D4E000B15A11 /* SceneDelegate.swift */ = {isa = PBXFileReference; lastKnownFileType = sourcecode.swift; path = SceneDelegate.swift; sourceTree = "<group>"; };
		317D3D1623D8D4E000B15A11 /* HomeVC.swift */ = {isa = PBXFileReference; lastKnownFileType = sourcecode.swift; path = HomeVC.swift; sourceTree = "<group>"; };
		317D3D1923D8D4E000B15A11 /* Base */ = {isa = PBXFileReference; lastKnownFileType = file.storyboard; name = Base; path = Base.lproj/Main.storyboard; sourceTree = "<group>"; };
		317D3D1C23D8D4E000B15A11 /* wishlist.xcdatamodel */ = {isa = PBXFileReference; lastKnownFileType = wrapper.xcdatamodel; path = wishlist.xcdatamodel; sourceTree = "<group>"; };
		317D3D1E23D8D4E400B15A11 /* Assets.xcassets */ = {isa = PBXFileReference; lastKnownFileType = folder.assetcatalog; path = Assets.xcassets; sourceTree = "<group>"; };
		317D3D2123D8D4E400B15A11 /* Base */ = {isa = PBXFileReference; lastKnownFileType = file.storyboard; name = Base; path = Base.lproj/LaunchScreen.storyboard; sourceTree = "<group>"; };
		317D3D2323D8D4E400B15A11 /* Info.plist */ = {isa = PBXFileReference; lastKnownFileType = text.plist.xml; path = Info.plist; sourceTree = "<group>"; };
		3199300023D8EB9B008738DD /* RoundCornerView.swift */ = {isa = PBXFileReference; lastKnownFileType = sourcecode.swift; path = RoundCornerView.swift; sourceTree = "<group>"; };
		3199300223D8EC82008738DD /* RoundedButton.swift */ = {isa = PBXFileReference; lastKnownFileType = sourcecode.swift; path = RoundedButton.swift; sourceTree = "<group>"; };
/* End PBXFileReference section */

/* Begin PBXFrameworksBuildPhase section */
		317D3D0C23D8D4E000B15A11 /* Frameworks */ = {
			isa = PBXFrameworksBuildPhase;
			buildActionMask = 2147483647;
			files = (
			);
			runOnlyForDeploymentPostprocessing = 0;
		};
/* End PBXFrameworksBuildPhase section */

/* Begin PBXGroup section */
		3119CA2723D916A100DADF0C /* Model */ = {
			isa = PBXGroup;
			children = (
				3119CA2823D916C100DADF0C /* Calculator.swift */,
			);
			path = Model;
			sourceTree = "<group>";
		};
		313E464523D9EEF500B7880C /* Utilities */ = {
			isa = PBXGroup;
			children = (
				313E464623D9EF0500B7880C /* Constants.swift */,
			);
			path = Utilities;
			sourceTree = "<group>";
		};
		317D3D0623D8D4E000B15A11 = {
			isa = PBXGroup;
			children = (
				317D3D1123D8D4E000B15A11 /* wishlist */,
				317D3D1023D8D4E000B15A11 /* Products */,
			);
			sourceTree = "<group>";
		};
		317D3D1023D8D4E000B15A11 /* Products */ = {
			isa = PBXGroup;
			children = (
				317D3D0F23D8D4E000B15A11 /* wishlist.app */,
			);
			name = Products;
			sourceTree = "<group>";
		};
		317D3D1123D8D4E000B15A11 /* wishlist */ = {
			isa = PBXGroup;
			children = (
				313E464523D9EEF500B7880C /* Utilities */,
				3119CA2723D916A100DADF0C /* Model */,
				317D3D2A23D8D6C800B15A11 /* View */,
				317D3D2923D8D6C100B15A11 /* Controller */,
				317D3D1223D8D4E000B15A11 /* AppDelegate.swift */,
				317D3D1423D8D4E000B15A11 /* SceneDelegate.swift */,
				317D3D1823D8D4E000B15A11 /* Main.storyboard */,
				317D3D1E23D8D4E400B15A11 /* Assets.xcassets */,
				317D3D2023D8D4E400B15A11 /* LaunchScreen.storyboard */,
				317D3D2323D8D4E400B15A11 /* Info.plist */,
				317D3D1B23D8D4E000B15A11 /* wishlist.xcdatamodeld */,
			);
			path = wishlist;
			sourceTree = "<group>";
		};
		317D3D2923D8D6C100B15A11 /* Controller */ = {
			isa = PBXGroup;
			children = (
				317D3D1623D8D4E000B15A11 /* HomeVC.swift */,
				313E464823D9FC8500B7880C /* MyProductsVC.swift */,
			);
			path = Controller;
			sourceTree = "<group>";
		};
		317D3D2A23D8D6C800B15A11 /* View */ = {
			isa = PBXGroup;
			children = (
				3199300023D8EB9B008738DD /* RoundCornerView.swift */,
				3199300223D8EC82008738DD /* RoundedButton.swift */,
				3119CA2A23D91C7100DADF0C /* NavigationController.swift */,
			);
			path = View;
			sourceTree = "<group>";
		};
/* End PBXGroup section */

/* Begin PBXNativeTarget section */
		317D3D0E23D8D4E000B15A11 /* wishlist */ = {
			isa = PBXNativeTarget;
			buildConfigurationList = 317D3D2623D8D4E400B15A11 /* Build configuration list for PBXNativeTarget "wishlist" */;
			buildPhases = (
				317D3D0B23D8D4E000B15A11 /* Sources */,
				317D3D0C23D8D4E000B15A11 /* Frameworks */,
				317D3D0D23D8D4E000B15A11 /* Resources */,
			);
			buildRules = (
			);
			dependencies = (
			);
			name = wishlist;
			productName = wishlist;
			productReference = 317D3D0F23D8D4E000B15A11 /* wishlist.app */;
			productType = "com.apple.product-type.application";
		};
/* End PBXNativeTarget section */

/* Begin PBXProject section */
		317D3D0723D8D4E000B15A11 /* Project object */ = {
			isa = PBXProject;
			attributes = {
				LastSwiftUpdateCheck = 1130;
				LastUpgradeCheck = 1130;
				ORGANIZATIONNAME = "Kilyan SOCKALINGUM";
				TargetAttributes = {
					317D3D0E23D8D4E000B15A11 = {
						CreatedOnToolsVersion = 11.3;
					};
				};
			};
			buildConfigurationList = 317D3D0A23D8D4E000B15A11 /* Build configuration list for PBXProject "wishlist" */;
			compatibilityVersion = "Xcode 9.3";
			developmentRegion = en;
			hasScannedForEncodings = 0;
			knownRegions = (
				en,
				Base,
			);
			mainGroup = 317D3D0623D8D4E000B15A11;
			productRefGroup = 317D3D1023D8D4E000B15A11 /* Products */;
			projectDirPath = "";
			projectRoot = "";
			targets = (
				317D3D0E23D8D4E000B15A11 /* wishlist */,
			);
		};
/* End PBXProject section */

/* Begin PBXResourcesBuildPhase section */
		317D3D0D23D8D4E000B15A11 /* Resources */ = {
			isa = PBXResourcesBuildPhase;
			buildActionMask = 2147483647;
			files = (
				317D3D2223D8D4E400B15A11 /* LaunchScreen.storyboard in Resources */,
				317D3D1F23D8D4E400B15A11 /* Assets.xcassets in Resources */,
				317D3D1A23D8D4E000B15A11 /* Main.storyboard in Resources */,
			);
			runOnlyForDeploymentPostprocessing = 0;
		};
/* End PBXResourcesBuildPhase section */

/* Begin PBXSourcesBuildPhase section */
		317D3D0B23D8D4E000B15A11 /* Sources */ = {
			isa = PBXSourcesBuildPhase;
			buildActionMask = 2147483647;
			files = (
				317D3D1D23D8D4E000B15A11 /* wishlist.xcdatamodeld in Sources */,
				3119CA2B23D91C7100DADF0C /* NavigationController.swift in Sources */,
				3199300323D8EC82008738DD /* RoundedButton.swift in Sources */,
				3119CA2923D916C100DADF0C /* Calculator.swift in Sources */,
				317D3D1723D8D4E000B15A11 /* HomeVC.swift in Sources */,
				317D3D1323D8D4E000B15A11 /* AppDelegate.swift in Sources */,
				313E464923D9FC8500B7880C /* MyProductsVC.swift in Sources */,
				317D3D1523D8D4E000B15A11 /* SceneDelegate.swift in Sources */,
				3199300123D8EB9B008738DD /* RoundCornerView.swift in Sources */,
				313E464723D9EF0500B7880C /* Constants.swift in Sources */,
			);
			runOnlyForDeploymentPostprocessing = 0;
		};
/* End PBXSourcesBuildPhase section */

/* Begin PBXVariantGroup section */
		317D3D1823D8D4E000B15A11 /* Main.storyboard */ = {
			isa = PBXVariantGroup;
			children = (
				317D3D1923D8D4E000B15A11 /* Base */,
			);
			name = Main.storyboard;
			sourceTree = "<group>";
		};
		317D3D2023D8D4E400B15A11 /* LaunchScreen.storyboard */ = {
			isa = PBXVariantGroup;
			children = (
				317D3D2123D8D4E400B15A11 /* Base */,
			);
			name = LaunchScreen.storyboard;
			sourceTree = "<group>";
		};
/* End PBXVariantGroup section */

/* Begin XCBuildConfiguration section */
		317D3D2423D8D4E400B15A11 /* Debug */ = {
			isa = XCBuildConfiguration;
			buildSettings = {
				ALWAYS_SEARCH_USER_PATHS = NO;
				CLANG_ANALYZER_NONNULL = YES;
				CLANG_ANALYZER_NUMBER_OBJECT_CONVERSION = YES_AGGRESSIVE;
				CLANG_CXX_LANGUAGE_STANDARD = "gnu++14";
				CLANG_CXX_LIBRARY = "libc++";
				CLANG_ENABLE_MODULES = YES;
				CLANG_ENABLE_OBJC_ARC = YES;
				CLANG_ENABLE_OBJC_WEAK = YES;
				CLANG_WARN_BLOCK_CAPTURE_AUTORELEASING = YES;
				CLANG_WARN_BOOL_CONVERSION = YES;
				CLANG_WARN_COMMA = YES;
				CLANG_WARN_CONSTANT_CONVERSION = YES;
				CLANG_WARN_DEPRECATED_OBJC_IMPLEMENTATIONS = YES;
				CLANG_WARN_DIRECT_OBJC_ISA_USAGE = YES_ERROR;
				CLANG_WARN_DOCUMENTATION_COMMENTS = YES;
				CLANG_WARN_EMPTY_BODY = YES;
				CLANG_WARN_ENUM_CONVERSION = YES;
				CLANG_WARN_INFINITE_RECURSION = YES;
				CLANG_WARN_INT_CONVERSION = YES;
				CLANG_WARN_NON_LITERAL_NULL_CONVERSION = YES;
				CLANG_WARN_OBJC_IMPLICIT_RETAIN_SELF = YES;
				CLANG_WARN_OBJC_LITERAL_CONVERSION = YES;
				CLANG_WARN_OBJC_ROOT_CLASS = YES_ERROR;
				CLANG_WARN_RANGE_LOOP_ANALYSIS = YES;
				CLANG_WARN_STRICT_PROTOTYPES = YES;
				CLANG_WARN_SUSPICIOUS_MOVE = YES;
				CLANG_WARN_UNGUARDED_AVAILABILITY = YES_AGGRESSIVE;
				CLANG_WARN_UNREACHABLE_CODE = YES;
				CLANG_WARN__DUPLICATE_METHOD_MATCH = YES;
				COPY_PHASE_STRIP = NO;
				DEBUG_INFORMATION_FORMAT = dwarf;
				ENABLE_STRICT_OBJC_MSGSEND = YES;
				ENABLE_TESTABILITY = YES;
				GCC_C_LANGUAGE_STANDARD = gnu11;
				GCC_DYNAMIC_NO_PIC = NO;
				GCC_NO_COMMON_BLOCKS = YES;
				GCC_OPTIMIZATION_LEVEL = 0;
				GCC_PREPROCESSOR_DEFINITIONS = (
					"DEBUG=1",
					"$(inherited)",
				);
				GCC_WARN_64_TO_32_BIT_CONVERSION = YES;
				GCC_WARN_ABOUT_RETURN_TYPE = YES_ERROR;
				GCC_WARN_UNDECLARED_SELECTOR = YES;
				GCC_WARN_UNINITIALIZED_AUTOS = YES_AGGRESSIVE;
				GCC_WARN_UNUSED_FUNCTION = YES;
				GCC_WARN_UNUSED_VARIABLE = YES;
				IPHONEOS_DEPLOYMENT_TARGET = 13.2;
				MTL_ENABLE_DEBUG_INFO = INCLUDE_SOURCE;
				MTL_FAST_MATH = YES;
				ONLY_ACTIVE_ARCH = YES;
				SDKROOT = iphoneos;
				SWIFT_ACTIVE_COMPILATION_CONDITIONS = DEBUG;
				SWIFT_OPTIMIZATION_LEVEL = "-Onone";
			};
			name = Debug;
		};
		317D3D2523D8D4E400B15A11 /* Release */ = {
			isa = XCBuildConfiguration;
			buildSettings = {
				ALWAYS_SEARCH_USER_PATHS = NO;
				CLANG_ANALYZER_NONNULL = YES;
				CLANG_ANALYZER_NUMBER_OBJECT_CONVERSION = YES_AGGRESSIVE;
				CLANG_CXX_LANGUAGE_STANDARD = "gnu++14";
				CLANG_CXX_LIBRARY = "libc++";
				CLANG_ENABLE_MODULES = YES;
				CLANG_ENABLE_OBJC_ARC = YES;
				CLANG_ENABLE_OBJC_WEAK = YES;
				CLANG_WARN_BLOCK_CAPTURE_AUTORELEASING = YES;
				CLANG_WARN_BOOL_CONVERSION = YES;
				CLANG_WARN_COMMA = YES;
				CLANG_WARN_CONSTANT_CONVERSION = YES;
				CLANG_WARN_DEPRECATED_OBJC_IMPLEMENTATIONS = YES;
				CLANG_WARN_DIRECT_OBJC_ISA_USAGE = YES_ERROR;
				CLANG_WARN_DOCUMENTATION_COMMENTS = YES;
				CLANG_WARN_EMPTY_BODY = YES;
				CLANG_WARN_ENUM_CONVERSION = YES;
				CLANG_WARN_INFINITE_RECURSION = YES;
				CLANG_WARN_INT_CONVERSION = YES;
				CLANG_WARN_NON_LITERAL_NULL_CONVERSION = YES;
				CLANG_WARN_OBJC_IMPLICIT_RETAIN_SELF = YES;
				CLANG_WARN_OBJC_LITERAL_CONVERSION = YES;
				CLANG_WARN_OBJC_ROOT_CLASS = YES_ERROR;
				CLANG_WARN_RANGE_LOOP_ANALYSIS = YES;
				CLANG_WARN_STRICT_PROTOTYPES = YES;
				CLANG_WARN_SUSPICIOUS_MOVE = YES;
				CLANG_WARN_UNGUARDED_AVAILABILITY = YES_AGGRESSIVE;
				CLANG_WARN_UNREACHABLE_CODE = YES;
				CLANG_WARN__DUPLICATE_METHOD_MATCH = YES;
				COPY_PHASE_STRIP = NO;
				DEBUG_INFORMATION_FORMAT = "dwarf-with-dsym";
				ENABLE_NS_ASSERTIONS = NO;
				ENABLE_STRICT_OBJC_MSGSEND = YES;
				GCC_C_LANGUAGE_STANDARD = gnu11;
				GCC_NO_COMMON_BLOCKS = YES;
				GCC_WARN_64_TO_32_BIT_CONVERSION = YES;
				GCC_WARN_ABOUT_RETURN_TYPE = YES_ERROR;
				GCC_WARN_UNDECLARED_SELECTOR = YES;
				GCC_WARN_UNINITIALIZED_AUTOS = YES_AGGRESSIVE;
				GCC_WARN_UNUSED_FUNCTION = YES;
				GCC_WARN_UNUSED_VARIABLE = YES;
				IPHONEOS_DEPLOYMENT_TARGET = 13.2;
				MTL_ENABLE_DEBUG_INFO = NO;
				MTL_FAST_MATH = YES;
				SDKROOT = iphoneos;
				SWIFT_COMPILATION_MODE = wholemodule;
				SWIFT_OPTIMIZATION_LEVEL = "-O";
				VALIDATE_PRODUCT = YES;
			};
			name = Release;
		};
		317D3D2723D8D4E400B15A11 /* Debug */ = {
			isa = XCBuildConfiguration;
			buildSettings = {
				ASSETCATALOG_COMPILER_APPICON_NAME = AppIcon;
				CODE_SIGN_STYLE = Automatic;
				DEVELOPMENT_TEAM = T32TPN22R5;
				INFOPLIST_FILE = wishlist/Info.plist;
				LD_RUNPATH_SEARCH_PATHS = (
					"$(inherited)",
					"@executable_path/Frameworks",
				);
				PRODUCT_BUNDLE_IDENTIFIER = com.kilyansockalingum.wishlist;
				PRODUCT_NAME = "$(TARGET_NAME)";
				SWIFT_VERSION = 5.0;
				TARGETED_DEVICE_FAMILY = "1,2";
			};
			name = Debug;
		};
		317D3D2823D8D4E400B15A11 /* Release */ = {
			isa = XCBuildConfiguration;
			buildSettings = {
				ASSETCATALOG_COMPILER_APPICON_NAME = AppIcon;
				CODE_SIGN_STYLE = Automatic;
				DEVELOPMENT_TEAM = T32TPN22R5;
				INFOPLIST_FILE = wishlist/Info.plist;
				LD_RUNPATH_SEARCH_PATHS = (
					"$(inherited)",
					"@executable_path/Frameworks",
				);
				PRODUCT_BUNDLE_IDENTIFIER = com.kilyansockalingum.wishlist;
				PRODUCT_NAME = "$(TARGET_NAME)";
				SWIFT_VERSION = 5.0;
				TARGETED_DEVICE_FAMILY = "1,2";
			};
			name = Release;
		};
/* End XCBuildConfiguration section */

/* Begin XCConfigurationList section */
		317D3D0A23D8D4E000B15A11 /* Build configuration list for PBXProject "wishlist" */ = {
			isa = XCConfigurationList;
			buildConfigurations = (
				317D3D2423D8D4E400B15A11 /* Debug */,
				317D3D2523D8D4E400B15A11 /* Release */,
			);
			defaultConfigurationIsVisible = 0;
			defaultConfigurationName = Release;
		};
		317D3D2623D8D4E400B15A11 /* Build configuration list for PBXNativeTarget "wishlist" */ = {
			isa = XCConfigurationList;
			buildConfigurations = (
				317D3D2723D8D4E400B15A11 /* Debug */,
				317D3D2823D8D4E400B15A11 /* Release */,
			);
			defaultConfigurationIsVisible = 0;
			defaultConfigurationName = Release;
		};
/* End XCConfigurationList section */

/* Begin XCVersionGroup section */
		317D3D1B23D8D4E000B15A11 /* wishlist.xcdatamodeld */ = {
			isa = XCVersionGroup;
			children = (
				317D3D1C23D8D4E000B15A11 /* wishlist.xcdatamodel */,
			);
			currentVersion = 317D3D1C23D8D4E000B15A11 /* wishlist.xcdatamodel */;
			path = wishlist.xcdatamodeld;
			sourceTree = "<group>";
			versionGroupType = wrapper.xcdatamodel;
		};
/* End XCVersionGroup section */
	};
	rootObject = 317D3D0723D8D4E000B15A11 /* Project object */;
}
